{
  "name": "codoseo",
  "version": "0.1.0-rc.1",
  "lockfileVersion": 3,
  "requires": true,
  "packages": {
    "": {
      "name": "codoseo",
      "version": "0.1.0-rc.1",
      "hasInstallScript": true,
      "license": "AGPL-3.0-only",
      "bin": {
        "codoseo": "bin/codoseo.js"
      },
      "engines": {
        "node": ">=18"
      }
    }
  }
}
